
Microsoft Visual Studio Solution File, Format Version 12.00
# Visual Studio 14
VisualStudioVersion = 14.0.25420.1
MinimumVisualStudioVersion = 10.0.40219.1
Project("{FAE04EC0-301F-11D3-BF4B-00C04F79EFBC}") = "Matrix.Console", "Matrix\Matrix.Console.csproj", "{8C0D7E2D-77E8-4E6D-8886-775E56B45D13}"
EndProject
Project("{FAE04EC0-301F-11D3-BF4B-00C04F79EFBC}") = "Matrix.Portable", "Matrix.Portable\Matrix.Portable.csproj", "{C4C692A3-643A-4AE1-9304-EE2D03DC113A}"
EndProject
Project("{2150E333-8FDC-42A3-9474-1A3956D46DE8}") = "Solution Items", "Solution Items", "{BCAA5331-8980-4DA2-8577-F37EA65B4563}"
	ProjectSection(SolutionItems) = preProject
		.gitignore = .gitignore
		README.md = README.md
	EndProjectSection
EndProject
Global
	GlobalSection(SolutionConfigurationPlatforms) = preSolution
		Debug|Any CPU = Debug|Any CPU
		Release|Any CPU = Release|Any CPU
	EndGlobalSection
	GlobalSection(ProjectConfigurationPlatforms) = postSolution
		{8C0D7E2D-77E8-4E6D-8886-775E56B45D13}.Debug|Any CPU.ActiveCfg = Debug|Any CPU
		{8C0D7E2D-77E8-4E6D-8886-775E56B45D13}.Debug|Any CPU.Build.0 = Debug|Any CPU
		{8C0D7E2D-77E8-4E6D-8886-775E56B45D13}.Release|Any CPU.ActiveCfg = Release|Any CPU
		{8C0D7E2D-77E8-4E6D-8886-775E56B45D13}.Release|Any CPU.Build.0 = Release|Any CPU
		{C4C692A3-643A-4AE1-9304-EE2D03DC113A}.Debug|Any CPU.ActiveCfg = Debug|Any CPU
		{C4C692A3-643A-4AE1-9304-EE2D03DC113A}.Debug|Any CPU.Build.0 = Debug|Any CPU
		{C4C692A3-643A-4AE1-9304-EE2D03DC113A}.Release|Any CPU.ActiveCfg = Release|Any CPU
		{C4C692A3-643A-4AE1-9304-EE2D03DC113A}.Release|Any CPU.Build.0 = Release|Any CPU
	EndGlobalSection
	GlobalSection(SolutionProperties) = preSolution
		HideSolutionNode = FALSE
	EndGlobalSection
EndGlobal
